
Microsoft Visual Studio Solution File, Format Version 12.00
# Visual Studio 14
VisualStudioVersion = 14.0.25420.1
MinimumVisualStudioVersion = 10.0.40219.1
Project("{FAE04EC0-301F-11D3-BF4B-00C04F79EFBC}") = "xamarin_msp_3", "xamarin_msp_3\xamarin_msp_3\xamarin_msp_3.csproj", "{488868AC-A0BA-41A2-A702-144DFECA411E}"
EndProject
Project("{FAE04EC0-301F-11D3-BF4B-00C04F79EFBC}") = "xamarin_msp_3.Droid", "xamarin_msp_3\xamarin_msp_3.Droid\xamarin_msp_3.Droid.csproj", "{F36AC22E-725D-4416-ADC0-770A8C160AE9}"
EndProject
Project("{FAE04EC0-301F-11D3-BF4B-00C04F79EFBC}") = "xamarin_msp_3.iOS", "xamarin_msp_3\xamarin_msp_3.iOS\xamarin_msp_3.iOS.csproj", "{90AD7FA0-9FEC-4C4F-A451-6C5C8F952E29}"
EndProject
Project("{FAE04EC0-301F-11D3-BF4B-00C04F79EFBC}") = "xamarin_msp_3.WinPhone", "xamarin_msp_3\xamarin_msp_3.WinPhone\xamarin_msp_3.WinPhone.csproj", "{B8A7D950-BDB2-4C70-AF1B-221CEABB495F}"
EndProject
Project("{FAE04EC0-301F-11D3-BF4B-00C04F79EFBC}") = "xamarin_msp_3.UWP", "xamarin_msp_3\xamarin_msp_3.UWP\xamarin_msp_3.UWP.csproj", "{D562C696-92F0-4B46-8674-AEF9884E70D6}"
EndProject
Project("{FAE04EC0-301F-11D3-BF4B-00C04F79EFBC}") = "xamarin_msp_3.Windows", "xamarin_msp_3\xamarin_msp_3.Windows\xamarin_msp_3.Windows.csproj", "{EACB33BC-73C6-4965-8584-198DABBC5E8F}"
EndProject
Global
	GlobalSection(SolutionConfigurationPlatforms) = preSolution
		Ad-Hoc|Any CPU = Ad-Hoc|Any CPU
		Ad-Hoc|ARM = Ad-Hoc|ARM
		Ad-Hoc|iPhone = Ad-Hoc|iPhone
		Ad-Hoc|iPhoneSimulator = Ad-Hoc|iPhoneSimulator
		Ad-Hoc|x64 = Ad-Hoc|x64
		Ad-Hoc|x86 = Ad-Hoc|x86
		AppStore|Any CPU = AppStore|Any CPU
		AppStore|ARM = AppStore|ARM
		AppStore|iPhone = AppStore|iPhone
		AppStore|iPhoneSimulator = AppStore|iPhoneSimulator
		AppStore|x64 = AppStore|x64
		AppStore|x86 = AppStore|x86
		Debug|Any CPU = Debug|Any CPU
		Debug|ARM = Debug|ARM
		Debug|iPhone = Debug|iPhone
		Debug|iPhoneSimulator = Debug|iPhoneSimulator
		Debug|x64 = Debug|x64
		Debug|x86 = Debug|x86
		Release|Any CPU = Release|Any CPU
		Release|ARM = Release|ARM
		Release|iPhone = Release|iPhone
		Release|iPhoneSimulator = Release|iPhoneSimulator
		Release|x64 = Release|x64
		Release|x86 = Release|x86
	EndGlobalSection
	GlobalSection(ProjectConfigurationPlatforms) = postSolution
		{488868AC-A0BA-41A2-A702-144DFECA411E}.Ad-Hoc|Any CPU.ActiveCfg = Release|Any CPU
		{488868AC-A0BA-41A2-A702-144DFECA411E}.Ad-Hoc|Any CPU.Build.0 = Release|Any CPU
		{488868AC-A0BA-41A2-A702-144DFECA411E}.Ad-Hoc|ARM.ActiveCfg = Release|Any CPU
		{488868AC-A0BA-41A2-A702-144DFECA411E}.Ad-Hoc|ARM.Build.0 = Release|Any CPU
		{488868AC-A0BA-41A2-A702-144DFECA411E}.Ad-Hoc|iPhone.ActiveCfg = Release|Any CPU
		{488868AC-A0BA-41A2-A702-144DFECA411E}.Ad-Hoc|iPhone.Build.0 = Release|Any CPU
		{488868AC-A0BA-41A2-A702-144DFECA411E}.Ad-Hoc|iPhoneSimulator.ActiveCfg = Release|Any CPU
		{488868AC-A0BA-41A2-A702-144DFECA411E}.Ad-Hoc|iPhoneSimulator.Build.0 = Release|Any CPU
		{488868AC-A0BA-41A2-A702-144DFECA411E}.Ad-Hoc|x64.ActiveCfg = Release|Any CPU
		{488868AC-A0BA-41A2-A702-144DFECA411E}.Ad-Hoc|x64.Build.0 = Release|Any CPU
		{488868AC-A0BA-41A2-A702-144DFECA411E}.Ad-Hoc|x86.ActiveCfg = Release|Any CPU
		{488868AC-A0BA-41A2-A702-144DFECA411E}.Ad-Hoc|x86.Build.0 = Release|Any CPU
		{488868AC-A0BA-41A2-A702-144DFECA411E}.AppStore|Any CPU.ActiveCfg = Release|Any CPU
		{488868AC-A0BA-41A2-A702-144DFECA411E}.AppStore|Any CPU.Build.0 = Release|Any CPU
		{488868AC-A0BA-41A2-A702-144DFECA411E}.AppStore|ARM.ActiveCfg = Release|Any CPU
		{488868AC-A0BA-41A2-A702-144DFECA411E}.AppStore|ARM.Build.0 = Release|Any CPU
		{488868AC-A0BA-41A2-A702-144DFECA411E}.AppStore|iPhone.ActiveCfg = Release|Any CPU
		{488868AC-A0BA-41A2-A702-144DFECA411E}.AppStore|iPhone.Build.0 = Release|Any CPU
		{488868AC-A0BA-41A2-A702-144DFECA411E}.AppStore|iPhoneSimulator.ActiveCfg = Release|Any CPU
		{488868AC-A0BA-41A2-A702-144DFECA411E}.AppStore|iPhoneSimulator.Build.0 = Release|Any CPU
		{488868AC-A0BA-41A2-A702-144DFECA411E}.AppStore|x64.ActiveCfg = Release|Any CPU
		{488868AC-A0BA-41A2-A702-144DFECA411E}.AppStore|x64.Build.0 = Release|Any CPU
		{488868AC-A0BA-41A2-A702-144DFECA411E}.AppStore|x86.ActiveCfg = Release|Any CPU
		{488868AC-A0BA-41A2-A702-144DFECA411E}.AppStore|x86.Build.0 = Release|Any CPU
		{488868AC-A0BA-41A2-A702-144DFECA411E}.Debug|Any CPU.ActiveCfg = Debug|Any CPU
		{488868AC-A0BA-41A2-A702-144DFECA411E}.Debug|Any CPU.Build.0 = Debug|Any CPU
		{488868AC-A0BA-41A2-A702-144DFECA411E}.Debug|ARM.ActiveCfg = Debug|Any CPU
		{488868AC-A0BA-41A2-A702-144DFECA411E}.Debug|ARM.Build.0 = Debug|Any CPU
		{488868AC-A0BA-41A2-A702-144DFECA411E}.Debug|iPhone.ActiveCfg = Debug|Any CPU
		{488868AC-A0BA-41A2-A702-144DFECA411E}.Debug|iPhone.Build.0 = Debug|Any CPU
		{488868AC-A0BA-41A2-A702-144DFECA411E}.Debug|iPhoneSimulator.ActiveCfg = Debug|Any CPU
		{488868AC-A0BA-41A2-A702-144DFECA411E}.Debug|iPhoneSimulator.Build.0 = Debug|Any CPU
		{488868AC-A0BA-41A2-A702-144DFECA411E}.Debug|x64.ActiveCfg = Debug|Any CPU
		{488868AC-A0BA-41A2-A702-144DFECA411E}.Debug|x64.Build.0 = Debug|Any CPU
		{488868AC-A0BA-41A2-A702-144DFECA411E}.Debug|x86.ActiveCfg = Debug|Any CPU
		{488868AC-A0BA-41A2-A702-144DFECA411E}.Debug|x86.Build.0 = Debug|Any CPU
		{488868AC-A0BA-41A2-A702-144DFECA411E}.Release|Any CPU.ActiveCfg = Release|Any CPU
		{488868AC-A0BA-41A2-A702-144DFECA411E}.Release|Any CPU.Build.0 = Release|Any CPU
		{488868AC-A0BA-41A2-A702-144DFECA411E}.Release|ARM.ActiveCfg = Release|Any CPU
		{488868AC-A0BA-41A2-A702-144DFECA411E}.Release|ARM.Build.0 = Release|Any CPU
		{488868AC-A0BA-41A2-A702-144DFECA411E}.Release|iPhone.ActiveCfg = Release|Any CPU
		{488868AC-A0BA-41A2-A702-144DFECA411E}.Release|iPhone.Build.0 = Release|Any CPU
		{488868AC-A0BA-41A2-A702-144DFECA411E}.Release|iPhoneSimulator.ActiveCfg = Release|Any CPU
		{488868AC-A0BA-41A2-A702-144DFECA411E}.Release|iPhoneSimulator.Build.0 = Release|Any CPU
		{488868AC-A0BA-41A2-A702-144DFECA411E}.Release|x64.ActiveCfg = Release|Any CPU
		{488868AC-A0BA-41A2-A702-144DFECA411E}.Release|x64.Build.0 = Release|Any CPU
		{488868AC-A0BA-41A2-A702-144DFECA411E}.Release|x86.ActiveCfg = Release|Any CPU
		{488868AC-A0BA-41A2-A702-144DFECA411E}.Release|x86.Build.0 = Release|Any CPU
		{F36AC22E-725D-4416-ADC0-770A8C160AE9}.Ad-Hoc|Any CPU.ActiveCfg = Release|Any CPU
		{F36AC22E-725D-4416-ADC0-770A8C160AE9}.Ad-Hoc|Any CPU.Build.0 = Release|Any CPU
		{F36AC22E-725D-4416-ADC0-770A8C160AE9}.Ad-Hoc|Any CPU.Deploy.0 = Release|Any CPU
		{F36AC22E-725D-4416-ADC0-770A8C160AE9}.Ad-Hoc|ARM.ActiveCfg = Release|Any CPU
		{F36AC22E-725D-4416-ADC0-770A8C160AE9}.Ad-Hoc|ARM.Build.0 = Release|Any CPU
		{F36AC22E-725D-4416-ADC0-770A8C160AE9}.Ad-Hoc|ARM.Deploy.0 = Release|Any CPU
		{F36AC22E-725D-4416-ADC0-770A8C160AE9}.Ad-Hoc|iPhone.ActiveCfg = Release|Any CPU
		{F36AC22E-725D-4416-ADC0-770A8C160AE9}.Ad-Hoc|iPhone.Build.0 = Release|Any CPU
		{F36AC22E-725D-4416-ADC0-770A8C160AE9}.Ad-Hoc|iPhone.Deploy.0 = Release|Any CPU
		{F36AC22E-725D-4416-ADC0-770A8C160AE9}.Ad-Hoc|iPhoneSimulator.ActiveCfg = Release|Any CPU
		{F36AC22E-725D-4416-ADC0-770A8C160AE9}.Ad-Hoc|iPhoneSimulator.Build.0 = Release|Any CPU
		{F36AC22E-725D-4416-ADC0-770A8C160AE9}.Ad-Hoc|iPhoneSimulator.Deploy.0 = Release|Any CPU
		{F36AC22E-725D-4416-ADC0-770A8C160AE9}.Ad-Hoc|x64.ActiveCfg = Release|Any CPU
		{F36AC22E-725D-4416-ADC0-770A8C160AE9}.Ad-Hoc|x64.Build.0 = Release|Any CPU
		{F36AC22E-725D-4416-ADC0-770A8C160AE9}.Ad-Hoc|x64.Deploy.0 = Release|Any CPU
		{F36AC22E-725D-4416-ADC0-770A8C160AE9}.Ad-Hoc|x86.ActiveCfg = Release|Any CPU
		{F36AC22E-725D-4416-ADC0-770A8C160AE9}.Ad-Hoc|x86.Build.0 = Release|Any CPU
		{F36AC22E-725D-4416-ADC0-770A8C160AE9}.Ad-Hoc|x86.Deploy.0 = Release|Any CPU
		{F36AC22E-725D-4416-ADC0-770A8C160AE9}.AppStore|Any CPU.ActiveCfg = Release|Any CPU
		{F36AC22E-725D-4416-ADC0-770A8C160AE9}.AppStore|Any CPU.Build.0 = Release|Any CPU
		{F36AC22E-725D-4416-ADC0-770A8C160AE9}.AppStore|Any CPU.Deploy.0 = Release|Any CPU
		{F36AC22E-725D-4416-ADC0-770A8C160AE9}.AppStore|ARM.ActiveCfg = Release|Any CPU
		{F36AC22E-725D-4416-ADC0-770A8C160AE9}.AppStore|ARM.Build.0 = Release|Any CPU
		{F36AC22E-725D-4416-ADC0-770A8C160AE9}.AppStore|ARM.Deploy.0 = Release|Any CPU
		{F36AC22E-725D-4416-ADC0-770A8C160AE9}.AppStore|iPhone.ActiveCfg = Release|Any CPU
		{F36AC22E-725D-4416-ADC0-770A8C160AE9}.AppStore|iPhone.Build.0 = Release|Any CPU
		{F36AC22E-725D-4416-ADC0-770A8C160AE9}.AppStore|iPhone.Deploy.0 = Release|Any CPU
		{F36AC22E-725D-4416-ADC0-770A8C160AE9}.AppStore|iPhoneSimulator.ActiveCfg = Release|Any CPU
		{F36AC22E-725D-4416-ADC0-770A8C160AE9}.AppStore|iPhoneSimulator.Build.0 = Release|Any CPU
		{F36AC22E-725D-4416-ADC0-770A8C160AE9}.AppStore|iPhoneSimulator.Deploy.0 = Release|Any CPU
		{F36AC22E-725D-4416-ADC0-770A8C160AE9}.AppStore|x64.ActiveCfg = Release|Any CPU
		{F36AC22E-725D-4416-ADC0-770A8C160AE9}.AppStore|x64.Build.0 = Release|Any CPU
		{F36AC22E-725D-4416-ADC0-770A8C160AE9}.AppStore|x64.Deploy.0 = Release|Any CPU
		{F36AC22E-725D-4416-ADC0-770A8C160AE9}.AppStore|x86.ActiveCfg = Release|Any CPU
		{F36AC22E-725D-4416-ADC0-770A8C160AE9}.AppStore|x86.Build.0 = Release|Any CPU
		{F36AC22E-725D-4416-ADC0-770A8C160AE9}.AppStore|x86.Deploy.0 = Release|Any CPU
		{F36AC22E-725D-4416-ADC0-770A8C160AE9}.Debug|Any CPU.ActiveCfg = Debug|Any CPU
		{F36AC22E-725D-4416-ADC0-770A8C160AE9}.Debug|Any CPU.Build.0 = Debug|Any CPU
		{F36AC22E-725D-4416-ADC0-770A8C160AE9}.Debug|Any CPU.Deploy.0 = Debug|Any CPU
		{F36AC22E-725D-4416-ADC0-770A8C160AE9}.Debug|ARM.ActiveCfg = Debug|Any CPU
		{F36AC22E-725D-4416-ADC0-770A8C160AE9}.Debug|ARM.Build.0 = Debug|Any CPU
		{F36AC22E-725D-4416-ADC0-770A8C160AE9}.Debug|ARM.Deploy.0 = Debug|Any CPU
		{F36AC22E-725D-4416-ADC0-770A8C160AE9}.Debug|iPhone.ActiveCfg = Debug|Any CPU
		{F36AC22E-725D-4416-ADC0-770A8C160AE9}.Debug|iPhone.Build.0 = Debug|Any CPU
		{F36AC22E-725D-4416-ADC0-770A8C160AE9}.Debug|iPhone.Deploy.0 = Debug|Any CPU
		{F36AC22E-725D-4416-ADC0-770A8C160AE9}.Debug|iPhoneSimulator.ActiveCfg = Debug|Any CPU
		{F36AC22E-725D-4416-ADC0-770A8C160AE9}.Debug|iPhoneSimulator.Build.0 = Debug|Any CPU
		{F36AC22E-725D-4416-ADC0-770A8C160AE9}.Debug|iPhoneSimulator.Deploy.0 = Debug|Any CPU
		{F36AC22E-725D-4416-ADC0-770A8C160AE9}.Debug|x64.ActiveCfg = Debug|Any CPU
		{F36AC22E-725D-4416-ADC0-770A8C160AE9}.Debug|x64.Build.0 = Debug|Any CPU
		{F36AC22E-725D-4416-ADC0-770A8C160AE9}.Debug|x64.Deploy.0 = Debug|Any CPU
		{F36AC22E-725D-4416-ADC0-770A8C160AE9}.Debug|x86.ActiveCfg = Debug|Any CPU
		{F36AC22E-725D-4416-ADC0-770A8C160AE9}.Debug|x86.Build.0 = Debug|Any CPU
		{F36AC22E-725D-4416-ADC0-770A8C160AE9}.Debug|x86.Deploy.0 = Debug|Any CPU
		{F36AC22E-725D-4416-ADC0-770A8C160AE9}.Release|Any CPU.ActiveCfg = Release|Any CPU
		{F36AC22E-725D-4416-ADC0-770A8C160AE9}.Release|Any CPU.Build.0 = Release|Any CPU
		{F36AC22E-725D-4416-ADC0-770A8C160AE9}.Release|Any CPU.Deploy.0 = Release|Any CPU
		{F36AC22E-725D-4416-ADC0-770A8C160AE9}.Release|ARM.ActiveCfg = Release|Any CPU
		{F36AC22E-725D-4416-ADC0-770A8C160AE9}.Release|ARM.Build.0 = Release|Any CPU
		{F36AC22E-725D-4416-ADC0-770A8C160AE9}.Release|ARM.Deploy.0 = Release|Any CPU
		{F36AC22E-725D-4416-ADC0-770A8C160AE9}.Release|iPhone.ActiveCfg = Release|Any CPU
		{F36AC22E-725D-4416-ADC0-770A8C160AE9}.Release|iPhone.Build.0 = Release|Any CPU
		{F36AC22E-725D-4416-ADC0-770A8C160AE9}.Release|iPhone.Deploy.0 = Release|Any CPU
		{F36AC22E-725D-4416-ADC0-770A8C160AE9}.Release|iPhoneSimulator.ActiveCfg = Release|Any CPU
		{F36AC22E-725D-4416-ADC0-770A8C160AE9}.Release|iPhoneSimulator.Build.0 = Release|Any CPU
		{F36AC22E-725D-4416-ADC0-770A8C160AE9}.Release|iPhoneSimulator.Deploy.0 = Release|Any CPU
		{F36AC22E-725D-4416-ADC0-770A8C160AE9}.Release|x64.ActiveCfg = Release|Any CPU
		{F36AC22E-725D-4416-ADC0-770A8C160AE9}.Release|x64.Build.0 = Release|Any CPU
		{F36AC22E-725D-4416-ADC0-770A8C160AE9}.Release|x64.Deploy.0 = Release|Any CPU
		{F36AC22E-725D-4416-ADC0-770A8C160AE9}.Release|x86.ActiveCfg = Release|Any CPU
		{F36AC22E-725D-4416-ADC0-770A8C160AE9}.Release|x86.Build.0 = Release|Any CPU
		{F36AC22E-725D-4416-ADC0-770A8C160AE9}.Release|x86.Deploy.0 = Release|Any CPU
		{90AD7FA0-9FEC-4C4F-A451-6C5C8F952E29}.Ad-Hoc|Any CPU.ActiveCfg = Ad-Hoc|iPhone
		{90AD7FA0-9FEC-4C4F-A451-6C5C8F952E29}.Ad-Hoc|ARM.ActiveCfg = Ad-Hoc|iPhone
		{90AD7FA0-9FEC-4C4F-A451-6C5C8F952E29}.Ad-Hoc|iPhone.ActiveCfg = Ad-Hoc|iPhone
		{90AD7FA0-9FEC-4C4F-A451-6C5C8F952E29}.Ad-Hoc|iPhone.Build.0 = Ad-Hoc|iPhone
		{90AD7FA0-9FEC-4C4F-A451-6C5C8F952E29}.Ad-Hoc|iPhoneSimulator.ActiveCfg = Ad-Hoc|iPhoneSimulator
		{90AD7FA0-9FEC-4C4F-A451-6C5C8F952E29}.Ad-Hoc|iPhoneSimulator.Build.0 = Ad-Hoc|iPhoneSimulator
		{90AD7FA0-9FEC-4C4F-A451-6C5C8F952E29}.Ad-Hoc|x64.ActiveCfg = Ad-Hoc|iPhone
		{90AD7FA0-9FEC-4C4F-A451-6C5C8F952E29}.Ad-Hoc|x86.ActiveCfg = Ad-Hoc|iPhone
		{90AD7FA0-9FEC-4C4F-A451-6C5C8F952E29}.AppStore|Any CPU.ActiveCfg = AppStore|iPhone
		{90AD7FA0-9FEC-4C4F-A451-6C5C8F952E29}.AppStore|ARM.ActiveCfg = AppStore|iPhone
		{90AD7FA0-9FEC-4C4F-A451-6C5C8F952E29}.AppStore|iPhone.ActiveCfg = AppStore|iPhone
		{90AD7FA0-9FEC-4C4F-A451-6C5C8F952E29}.AppStore|iPhone.Build.0 = AppStore|iPhone
		{90AD7FA0-9FEC-4C4F-A451-6C5C8F952E29}.AppStore|iPhoneSimulator.ActiveCfg = AppStore|iPhoneSimulator
		{90AD7FA0-9FEC-4C4F-A451-6C5C8F952E29}.AppStore|iPhoneSimulator.Build.0 = AppStore|iPhoneSimulator
		{90AD7FA0-9FEC-4C4F-A451-6C5C8F952E29}.AppStore|x64.ActiveCfg = AppStore|iPhone
		{90AD7FA0-9FEC-4C4F-A451-6C5C8F952E29}.AppStore|x86.ActiveCfg = AppStore|iPhone
		{90AD7FA0-9FEC-4C4F-A451-6C5C8F952E29}.Debug|Any CPU.ActiveCfg = Debug|iPhone
		{90AD7FA0-9FEC-4C4F-A451-6C5C8F952E29}.Debug|ARM.ActiveCfg = Debug|iPhone
		{90AD7FA0-9FEC-4C4F-A451-6C5C8F952E29}.Debug|iPhone.ActiveCfg = Debug|iPhone
		{90AD7FA0-9FEC-4C4F-A451-6C5C8F952E29}.Debug|iPhone.Build.0 = Debug|iPhone
		{90AD7FA0-9FEC-4C4F-A451-6C5C8F952E29}.Debug|iPhoneSimulator.ActiveCfg = Debug|iPhoneSimulator
		{90AD7FA0-9FEC-4C4F-A451-6C5C8F952E29}.Debug|iPhoneSimulator.Build.0 = Debug|iPhoneSimulator
		{90AD7FA0-9FEC-4C4F-A451-6C5C8F952E29}.Debug|x64.ActiveCfg = Debug|iPhone
		{90AD7FA0-9FEC-4C4F-A451-6C5C8F952E29}.Debug|x86.ActiveCfg = Debug|iPhone
		{90AD7FA0-9FEC-4C4F-A451-6C5C8F952E29}.Release|Any CPU.ActiveCfg = Release|iPhone
		{90AD7FA0-9FEC-4C4F-A451-6C5C8F952E29}.Release|ARM.ActiveCfg = Release|iPhone
		{90AD7FA0-9FEC-4C4F-A451-6C5C8F952E29}.Release|iPhone.ActiveCfg = Release|iPhone
		{90AD7FA0-9FEC-4C4F-A451-6C5C8F952E29}.Release|iPhone.Build.0 = Release|iPhone
		{90AD7FA0-9FEC-4C4F-A451-6C5C8F952E29}.Release|iPhoneSimulator.ActiveCfg = Release|iPhoneSimulator
		{90AD7FA0-9FEC-4C4F-A451-6C5C8F952E29}.Release|iPhoneSimulator.Build.0 = Release|iPhoneSimulator
		{90AD7FA0-9FEC-4C4F-A451-6C5C8F952E29}.Release|x64.ActiveCfg = Release|iPhone
		{90AD7FA0-9FEC-4C4F-A451-6C5C8F952E29}.Release|x86.ActiveCfg = Release|iPhone
		{B8A7D950-BDB2-4C70-AF1B-221CEABB495F}.Ad-Hoc|Any CPU.ActiveCfg = Release|Any CPU
		{B8A7D950-BDB2-4C70-AF1B-221CEABB495F}.Ad-Hoc|Any CPU.Build.0 = Release|Any CPU
		{B8A7D950-BDB2-4C70-AF1B-221CEABB495F}.Ad-Hoc|Any CPU.Deploy.0 = Release|Any CPU
		{B8A7D950-BDB2-4C70-AF1B-221CEABB495F}.Ad-Hoc|ARM.ActiveCfg = Release|ARM
		{B8A7D950-BDB2-4C70-AF1B-221CEABB495F}.Ad-Hoc|ARM.Build.0 = Release|ARM
		{B8A7D950-BDB2-4C70-AF1B-221CEABB495F}.Ad-Hoc|ARM.Deploy.0 = Release|ARM
		{B8A7D950-BDB2-4C70-AF1B-221CEABB495F}.Ad-Hoc|iPhone.ActiveCfg = Release|Any CPU
		{B8A7D950-BDB2-4C70-AF1B-221CEABB495F}.Ad-Hoc|iPhone.Build.0 = Release|Any CPU
		{B8A7D950-BDB2-4C70-AF1B-221CEABB495F}.Ad-Hoc|iPhone.Deploy.0 = Release|Any CPU
		{B8A7D950-BDB2-4C70-AF1B-221CEABB495F}.Ad-Hoc|iPhoneSimulator.ActiveCfg = Release|Any CPU
		{B8A7D950-BDB2-4C70-AF1B-221CEABB495F}.Ad-Hoc|iPhoneSimulator.Build.0 = Release|Any CPU
		{B8A7D950-BDB2-4C70-AF1B-221CEABB495F}.Ad-Hoc|iPhoneSimulator.Deploy.0 = Release|Any CPU
		{B8A7D950-BDB2-4C70-AF1B-221CEABB495F}.Ad-Hoc|x64.ActiveCfg = Release|Any CPU
		{B8A7D950-BDB2-4C70-AF1B-221CEABB495F}.Ad-Hoc|x64.Build.0 = Release|Any CPU
		{B8A7D950-BDB2-4C70-AF1B-221CEABB495F}.Ad-Hoc|x64.Deploy.0 = Release|Any CPU
		{B8A7D950-BDB2-4C70-AF1B-221CEABB495F}.Ad-Hoc|x86.ActiveCfg = Release|x86
		{B8A7D950-BDB2-4C70-AF1B-221CEABB495F}.Ad-Hoc|x86.Build.0 = Release|x86
		{B8A7D950-BDB2-4C70-AF1B-221CEABB495F}.Ad-Hoc|x86.Deploy.0 = Release|x86
		{B8A7D950-BDB2-4C70-AF1B-221CEABB495F}.AppStore|Any CPU.ActiveCfg = Release|Any CPU
		{B8A7D950-BDB2-4C70-AF1B-221CEABB495F}.AppStore|Any CPU.Build.0 = Release|Any CPU
		{B8A7D950-BDB2-4C70-AF1B-221CEABB495F}.AppStore|Any CPU.Deploy.0 = Release|Any CPU
		{B8A7D950-BDB2-4C70-AF1B-221CEABB495F}.AppStore|ARM.ActiveCfg = Release|ARM
		{B8A7D950-BDB2-4C70-AF1B-221CEABB495F}.AppStore|ARM.Build.0 = Release|ARM
		{B8A7D950-BDB2-4C70-AF1B-221CEABB495F}.AppStore|ARM.Deploy.0 = Release|ARM
		{B8A7D950-BDB2-4C70-AF1B-221CEABB495F}.AppStore|iPhone.ActiveCfg = Release|Any CPU
		{B8A7D950-BDB2-4C70-AF1B-221CEABB495F}.AppStore|iPhone.Build.0 = Release|Any CPU
		{B8A7D950-BDB2-4C70-AF1B-221CEABB495F}.AppStore|iPhone.Deploy.0 = Release|Any CPU
		{B8A7D950-BDB2-4C70-AF1B-221CEABB495F}.AppStore|iPhoneSimulator.ActiveCfg = Release|Any CPU
		{B8A7D950-BDB2-4C70-AF1B-221CEABB495F}.AppStore|iPhoneSimulator.Build.0 = Release|Any CPU
		{B8A7D950-BDB2-4C70-AF1B-221CEABB495F}.AppStore|iPhoneSimulator.Deploy.0 = Release|Any CPU
		{B8A7D950-BDB2-4C70-AF1B-221CEABB495F}.AppStore|x64.ActiveCfg = Release|Any CPU
		{B8A7D950-BDB2-4C70-AF1B-221CEABB495F}.AppStore|x64.Build.0 = Release|Any CPU
		{B8A7D950-BDB2-4C70-AF1B-221CEABB495F}.AppStore|x64.Deploy.0 = Release|Any CPU
		{B8A7D950-BDB2-4C70-AF1B-221CEABB495F}.AppStore|x86.ActiveCfg = Release|x86
		{B8A7D950-BDB2-4C70-AF1B-221CEABB495F}.AppStore|x86.Build.0 = Release|x86
		{B8A7D950-BDB2-4C70-AF1B-221CEABB495F}.AppStore|x86.Deploy.0 = Release|x86
		{B8A7D950-BDB2-4C70-AF1B-221CEABB495F}.Debug|Any CPU.ActiveCfg = Debug|Any CPU
		{B8A7D950-BDB2-4C70-AF1B-221CEABB495F}.Debug|Any CPU.Build.0 = Debug|Any CPU
		{B8A7D950-BDB2-4C70-AF1B-221CEABB495F}.Debug|Any CPU.Deploy.0 = Debug|Any CPU
		{B8A7D950-BDB2-4C70-AF1B-221CEABB495F}.Debug|ARM.ActiveCfg = Debug|ARM
		{B8A7D950-BDB2-4C70-AF1B-221CEABB495F}.Debug|ARM.Build.0 = Debug|ARM
		{B8A7D950-BDB2-4C70-AF1B-221CEABB495F}.Debug|ARM.Deploy.0 = Debug|ARM
		{B8A7D950-BDB2-4C70-AF1B-221CEABB495F}.Debug|iPhone.ActiveCfg = Debug|Any CPU
		{B8A7D950-BDB2-4C70-AF1B-221CEABB495F}.Debug|iPhone.Build.0 = Debug|Any CPU
		{B8A7D950-BDB2-4C70-AF1B-221CEABB495F}.Debug|iPhone.Deploy.0 = Debug|Any CPU
		{B8A7D950-BDB2-4C70-AF1B-221CEABB495F}.Debug|iPhoneSimulator.ActiveCfg = Debug|Any CPU
		{B8A7D950-BDB2-4C70-AF1B-221CEABB495F}.Debug|iPhoneSimulator.Build.0 = Debug|Any CPU
		{B8A7D950-BDB2-4C70-AF1B-221CEABB495F}.Debug|iPhoneSimulator.Deploy.0 = Debug|Any CPU
		{B8A7D950-BDB2-4C70-AF1B-221CEABB495F}.Debug|x64.ActiveCfg = Debug|Any CPU
		{B8A7D950-BDB2-4C70-AF1B-221CEABB495F}.Debug|x64.Build.0 = Debug|Any CPU
		{B8A7D950-BDB2-4C70-AF1B-221CEABB495F}.Debug|x64.Deploy.0 = Debug|Any CPU
		{B8A7D950-BDB2-4C70-AF1B-221CEABB495F}.Debug|x86.ActiveCfg = Debug|x86
		{B8A7D950-BDB2-4C70-AF1B-221CEABB495F}.Debug|x86.Build.0 = Debug|x86
		{B8A7D950-BDB2-4C70-AF1B-221CEABB495F}.Debug|x86.Deploy.0 = Debug|x86
		{B8A7D950-BDB2-4C70-AF1B-221CEABB495F}.Release|Any CPU.ActiveCfg = Release|Any CPU
		{B8A7D950-BDB2-4C70-AF1B-221CEABB495F}.Release|Any CPU.Build.0 = Release|Any CPU
		{B8A7D950-BDB2-4C70-AF1B-221CEABB495F}.Release|Any CPU.Deploy.0 = Release|Any CPU
		{B8A7D950-BDB2-4C70-AF1B-221CEABB495F}.Release|ARM.ActiveCfg = Release|ARM
		{B8A7D950-BDB2-4C70-AF1B-221CEABB495F}.Release|ARM.Build.0 = Release|ARM
		{B8A7D950-BDB2-4C70-AF1B-221CEABB495F}.Release|ARM.Deploy.0 = Release|ARM
		{B8A7D950-BDB2-4C70-AF1B-221CEABB495F}.Release|iPhone.ActiveCfg = Release|Any CPU
		{B8A7D950-BDB2-4C70-AF1B-221CEABB495F}.Release|iPhone.Build.0 = Release|Any CPU
		{B8A7D950-BDB2-4C70-AF1B-221CEABB495F}.Release|iPhone.Deploy.0 = Release|Any CPU
		{B8A7D950-BDB2-4C70-AF1B-221CEABB495F}.Release|iPhoneSimulator.ActiveCfg = Release|Any CPU
		{B8A7D950-BDB2-4C70-AF1B-221CEABB495F}.Release|iPhoneSimulator.Build.0 = Release|Any CPU
		{B8A7D950-BDB2-4C70-AF1B-221CEABB495F}.Release|iPhoneSimulator.Deploy.0 = Release|Any CPU
		{B8A7D950-BDB2-4C70-AF1B-221CEABB495F}.Release|x64.ActiveCfg = Release|Any CPU
		{B8A7D950-BDB2-4C70-AF1B-221CEABB495F}.Release|x64.Build.0 = Release|Any CPU
		{B8A7D950-BDB2-4C70-AF1B-221CEABB495F}.Release|x64.Deploy.0 = Release|Any CPU
		{B8A7D950-BDB2-4C70-AF1B-221CEABB495F}.Release|x86.ActiveCfg = Release|x86
		{B8A7D950-BDB2-4C70-AF1B-221CEABB495F}.Release|x86.Build.0 = Release|x86
		{B8A7D950-BDB2-4C70-AF1B-221CEABB495F}.Release|x86.Deploy.0 = Release|x86
		{D562C696-92F0-4B46-8674-AEF9884E70D6}.Ad-Hoc|Any CPU.ActiveCfg = Release|x86
		{D562C696-92F0-4B46-8674-AEF9884E70D6}.Ad-Hoc|Any CPU.Build.0 = Release|x86
		{D562C696-92F0-4B46-8674-AEF9884E70D6}.Ad-Hoc|Any CPU.Deploy.0 = Release|x86
		{D562C696-92F0-4B46-8674-AEF9884E70D6}.Ad-Hoc|ARM.ActiveCfg = Release|ARM
		{D562C696-92F0-4B46-8674-AEF9884E70D6}.Ad-Hoc|ARM.Build.0 = Release|ARM
		{D562C696-92F0-4B46-8674-AEF9884E70D6}.Ad-Hoc|ARM.Deploy.0 = Release|ARM
		{D562C696-92F0-4B46-8674-AEF9884E70D6}.Ad-Hoc|iPhone.ActiveCfg = Release|x86
		{D562C696-92F0-4B46-8674-AEF9884E70D6}.Ad-Hoc|iPhone.Build.0 = Release|x86
		{D562C696-92F0-4B46-8674-AEF9884E70D6}.Ad-Hoc|iPhone.Deploy.0 = Release|x86
		{D562C696-92F0-4B46-8674-AEF9884E70D6}.Ad-Hoc|iPhoneSimulator.ActiveCfg = Release|x86
		{D562C696-92F0-4B46-8674-AEF9884E70D6}.Ad-Hoc|iPhoneSimulator.Build.0 = Release|x86
		{D562C696-92F0-4B46-8674-AEF9884E70D6}.Ad-Hoc|iPhoneSimulator.Deploy.0 = Release|x86
		{D562C696-92F0-4B46-8674-AEF9884E70D6}.Ad-Hoc|x64.ActiveCfg = Release|x64
		{D562C696-92F0-4B46-8674-AEF9884E70D6}.Ad-Hoc|x64.Build.0 = Release|x64
		{D562C696-92F0-4B46-8674-AEF9884E70D6}.Ad-Hoc|x64.Deploy.0 = Release|x64
		{D562C696-92F0-4B46-8674-AEF9884E70D6}.Ad-Hoc|x86.ActiveCfg = Release|x86
		{D562C696-92F0-4B46-8674-AEF9884E70D6}.Ad-Hoc|x86.Build.0 = Release|x86
		{D562C696-92F0-4B46-8674-AEF9884E70D6}.Ad-Hoc|x86.Deploy.0 = Release|x86
		{D562C696-92F0-4B46-8674-AEF9884E70D6}.AppStore|Any CPU.ActiveCfg = Release|x86
		{D562C696-92F0-4B46-8674-AEF9884E70D6}.AppStore|Any CPU.Build.0 = Release|x86
		{D562C696-92F0-4B46-8674-AEF9884E70D6}.AppStore|Any CPU.Deploy.0 = Release|x86
		{D562C696-92F0-4B46-8674-AEF9884E70D6}.AppStore|ARM.ActiveCfg = Release|ARM
		{D562C696-92F0-4B46-8674-AEF9884E70D6}.AppStore|ARM.Build.0 = Release|ARM
		{D562C696-92F0-4B46-8674-AEF9884E70D6}.AppStore|ARM.Deploy.0 = Release|ARM
		{D562C696-92F0-4B46-8674-AEF9884E70D6}.AppStore|iPhone.ActiveCfg = Release|x86
		{D562C696-92F0-4B46-8674-AEF9884E70D6}.AppStore|iPhone.Build.0 = Release|x86
		{D562C696-92F0-4B46-8674-AEF9884E70D6}.AppStore|iPhone.Deploy.0 = Release|x86
		{D562C696-92F0-4B46-8674-AEF9884E70D6}.AppStore|iPhoneSimulator.ActiveCfg = Release|x86
		{D562C696-92F0-4B46-8674-AEF9884E70D6}.AppStore|iPhoneSimulator.Build.0 = Release|x86
		{D562C696-92F0-4B46-8674-AEF9884E70D6}.AppStore|iPhoneSimulator.Deploy.0 = Release|x86
		{D562C696-92F0-4B46-8674-AEF9884E70D6}.AppStore|x64.ActiveCfg = Release|x64
		{D562C696-92F0-4B46-8674-AEF9884E70D6}.AppStore|x64.Build.0 = Release|x64
		{D562C696-92F0-4B46-8674-AEF9884E70D6}.AppStore|x64.Deploy.0 = Release|x64
		{D562C696-92F0-4B46-8674-AEF9884E70D6}.AppStore|x86.ActiveCfg = Release|x86
		{D562C696-92F0-4B46-8674-AEF9884E70D6}.AppStore|x86.Build.0 = Release|x86
		{D562C696-92F0-4B46-8674-AEF9884E70D6}.AppStore|x86.Deploy.0 = Release|x86
		{D562C696-92F0-4B46-8674-AEF9884E70D6}.Debug|Any CPU.ActiveCfg = Debug|x86
		{D562C696-92F0-4B46-8674-AEF9884E70D6}.Debug|ARM.ActiveCfg = Debug|ARM
		{D562C696-92F0-4B46-8674-AEF9884E70D6}.Debug|ARM.Build.0 = Debug|ARM
		{D562C696-92F0-4B46-8674-AEF9884E70D6}.Debug|ARM.Deploy.0 = Debug|ARM
		{D562C696-92F0-4B46-8674-AEF9884E70D6}.Debug|iPhone.ActiveCfg = Debug|x86
		{D562C696-92F0-4B46-8674-AEF9884E70D6}.Debug|iPhoneSimulator.ActiveCfg = Debug|x86
		{D562C696-92F0-4B46-8674-AEF9884E70D6}.Debug|x64.ActiveCfg = Debug|x64
		{D562C696-92F0-4B46-8674-AEF9884E70D6}.Debug|x64.Build.0 = Debug|x64
		{D562C696-92F0-4B46-8674-AEF9884E70D6}.Debug|x64.Deploy.0 = Debug|x64
		{D562C696-92F0-4B46-8674-AEF9884E70D6}.Debug|x86.ActiveCfg = Debug|x86
		{D562C696-92F0-4B46-8674-AEF9884E70D6}.Debug|x86.Build.0 = Debug|x86
		{D562C696-92F0-4B46-8674-AEF9884E70D6}.Debug|x86.Deploy.0 = Debug|x86
		{D562C696-92F0-4B46-8674-AEF9884E70D6}.Release|Any CPU.ActiveCfg = Release|x86
		{D562C696-92F0-4B46-8674-AEF9884E70D6}.Release|ARM.ActiveCfg = Release|ARM
		{D562C696-92F0-4B46-8674-AEF9884E70D6}.Release|ARM.Build.0 = Release|ARM
		{D562C696-92F0-4B46-8674-AEF9884E70D6}.Release|ARM.Deploy.0 = Release|ARM
		{D562C696-92F0-4B46-8674-AEF9884E70D6}.Release|iPhone.ActiveCfg = Release|x86
		{D562C696-92F0-4B46-8674-AEF9884E70D6}.Release|iPhoneSimulator.ActiveCfg = Release|x86
		{D562C696-92F0-4B46-8674-AEF9884E70D6}.Release|x64.ActiveCfg = Release|x64
		{D562C696-92F0-4B46-8674-AEF9884E70D6}.Release|x64.Build.0 = Release|x64
		{D562C696-92F0-4B46-8674-AEF9884E70D6}.Release|x64.Deploy.0 = Release|x64
		{D562C696-92F0-4B46-8674-AEF9884E70D6}.Release|x86.ActiveCfg = Release|x86
		{D562C696-92F0-4B46-8674-AEF9884E70D6}.Release|x86.Build.0 = Release|x86
		{D562C696-92F0-4B46-8674-AEF9884E70D6}.Release|x86.Deploy.0 = Release|x86
		{EACB33BC-73C6-4965-8584-198DABBC5E8F}.Ad-Hoc|Any CPU.ActiveCfg = Release|Any CPU
		{EACB33BC-73C6-4965-8584-198DABBC5E8F}.Ad-Hoc|Any CPU.Build.0 = Release|Any CPU
		{EACB33BC-73C6-4965-8584-198DABBC5E8F}.Ad-Hoc|Any CPU.Deploy.0 = Release|Any CPU
		{EACB33BC-73C6-4965-8584-198DABBC5E8F}.Ad-Hoc|ARM.ActiveCfg = Release|ARM
		{EACB33BC-73C6-4965-8584-198DABBC5E8F}.Ad-Hoc|ARM.Build.0 = Release|ARM
		{EACB33BC-73C6-4965-8584-198DABBC5E8F}.Ad-Hoc|ARM.Deploy.0 = Release|ARM
		{EACB33BC-73C6-4965-8584-198DABBC5E8F}.Ad-Hoc|iPhone.ActiveCfg = Release|Any CPU
		{EACB33BC-73C6-4965-8584-198DABBC5E8F}.Ad-Hoc|iPhone.Build.0 = Release|Any CPU
		{EACB33BC-73C6-4965-8584-198DABBC5E8F}.Ad-Hoc|iPhone.Deploy.0 = Release|Any CPU
		{EACB33BC-73C6-4965-8584-198DABBC5E8F}.Ad-Hoc|iPhoneSimulator.ActiveCfg = Release|Any CPU
		{EACB33BC-73C6-4965-8584-198DABBC5E8F}.Ad-Hoc|iPhoneSimulator.Build.0 = Release|Any CPU
		{EACB33BC-73C6-4965-8584-198DABBC5E8F}.Ad-Hoc|iPhoneSimulator.Deploy.0 = Release|Any CPU
		{EACB33BC-73C6-4965-8584-198DABBC5E8F}.Ad-Hoc|x64.ActiveCfg = Release|x64
		{EACB33BC-73C6-4965-8584-198DABBC5E8F}.Ad-Hoc|x64.Build.0 = Release|x64
		{EACB33BC-73C6-4965-8584-198DABBC5E8F}.Ad-Hoc|x64.Deploy.0 = Release|x64
		{EACB33BC-73C6-4965-8584-198DABBC5E8F}.Ad-Hoc|x86.ActiveCfg = Release|x86
		{EACB33BC-73C6-4965-8584-198DABBC5E8F}.Ad-Hoc|x86.Build.0 = Release|x86
		{EACB33BC-73C6-4965-8584-198DABBC5E8F}.Ad-Hoc|x86.Deploy.0 = Release|x86
		{EACB33BC-73C6-4965-8584-198DABBC5E8F}.AppStore|Any CPU.ActiveCfg = Release|Any CPU
		{EACB33BC-73C6-4965-8584-198DABBC5E8F}.AppStore|Any CPU.Build.0 = Release|Any CPU
		{EACB33BC-73C6-4965-8584-198DABBC5E8F}.AppStore|Any CPU.Deploy.0 = Release|Any CPU
		{EACB33BC-73C6-4965-8584-198DABBC5E8F}.AppStore|ARM.ActiveCfg = Release|ARM
		{EACB33BC-73C6-4965-8584-198DABBC5E8F}.AppStore|ARM.Build.0 = Release|ARM
		{EACB33BC-73C6-4965-8584-198DABBC5E8F}.AppStore|ARM.Deploy.0 = Release|ARM
		{EACB33BC-73C6-4965-8584-198DABBC5E8F}.AppStore|iPhone.ActiveCfg = Release|Any CPU
		{EACB33BC-73C6-4965-8584-198DABBC5E8F}.AppStore|iPhone.Build.0 = Release|Any CPU
		{EACB33BC-73C6-4965-8584-198DABBC5E8F}.AppStore|iPhone.Deploy.0 = Release|Any CPU
		{EACB33BC-73C6-4965-8584-198DABBC5E8F}.AppStore|iPhoneSimulator.ActiveCfg = Release|Any CPU
		{EACB33BC-73C6-4965-8584-198DABBC5E8F}.AppStore|iPhoneSimulator.Build.0 = Release|Any CPU
		{EACB33BC-73C6-4965-8584-198DABBC5E8F}.AppStore|iPhoneSimulator.Deploy.0 = Release|Any CPU
		{EACB33BC-73C6-4965-8584-198DABBC5E8F}.AppStore|x64.ActiveCfg = Release|x64
		{EACB33BC-73C6-4965-8584-198DABBC5E8F}.AppStore|x64.Build.0 = Release|x64
		{EACB33BC-73C6-4965-8584-198DABBC5E8F}.AppStore|x64.Deploy.0 = Release|x64
		{EACB33BC-73C6-4965-8584-198DABBC5E8F}.AppStore|x86.ActiveCfg = Release|x86
		{EACB33BC-73C6-4965-8584-198DABBC5E8F}.AppStore|x86.Build.0 = Release|x86
		{EACB33BC-73C6-4965-8584-198DABBC5E8F}.AppStore|x86.Deploy.0 = Release|x86
		{EACB33BC-73C6-4965-8584-198DABBC5E8F}.Debug|Any CPU.ActiveCfg = Debug|Any CPU
		{EACB33BC-73C6-4965-8584-198DABBC5E8F}.Debug|Any CPU.Build.0 = Debug|Any CPU
		{EACB33BC-73C6-4965-8584-198DABBC5E8F}.Debug|Any CPU.Deploy.0 = Debug|Any CPU
		{EACB33BC-73C6-4965-8584-198DABBC5E8F}.Debug|ARM.ActiveCfg = Debug|ARM
		{EACB33BC-73C6-4965-8584-198DABBC5E8F}.Debug|ARM.Build.0 = Debug|ARM
		{EACB33BC-73C6-4965-8584-198DABBC5E8F}.Debug|ARM.Deploy.0 = Debug|ARM
		{EACB33BC-73C6-4965-8584-198DABBC5E8F}.Debug|iPhone.ActiveCfg = Debug|Any CPU
		{EACB33BC-73C6-4965-8584-198DABBC5E8F}.Debug|iPhone.Build.0 = Debug|Any CPU
		{EACB33BC-73C6-4965-8584-198DABBC5E8F}.Debug|iPhone.Deploy.0 = Debug|Any CPU
		{EACB33BC-73C6-4965-8584-198DABBC5E8F}.Debug|iPhoneSimulator.ActiveCfg = Debug|Any CPU
		{EACB33BC-73C6-4965-8584-198DABBC5E8F}.Debug|iPhoneSimulator.Build.0 = Debug|Any CPU
		{EACB33BC-73C6-4965-8584-198DABBC5E8F}.Debug|iPhoneSimulator.Deploy.0 = Debug|Any CPU
		{EACB33BC-73C6-4965-8584-198DABBC5E8F}.Debug|x64.ActiveCfg = Debug|x64
		{EACB33BC-73C6-4965-8584-198DABBC5E8F}.Debug|x64.Build.0 = Debug|x64
		{EACB33BC-73C6-4965-8584-198DABBC5E8F}.Debug|x64.Deploy.0 = Debug|x64
		{EACB33BC-73C6-4965-8584-198DABBC5E8F}.Debug|x86.ActiveCfg = Debug|x86
		{EACB33BC-73C6-4965-8584-198DABBC5E8F}.Debug|x86.Build.0 = Debug|x86
		{EACB33BC-73C6-4965-8584-198DABBC5E8F}.Debug|x86.Deploy.0 = Debug|x86
		{EACB33BC-73C6-4965-8584-198DABBC5E8F}.Release|Any CPU.ActiveCfg = Release|Any CPU
		{EACB33BC-73C6-4965-8584-198DABBC5E8F}.Release|Any CPU.Build.0 = Release|Any CPU
		{EACB33BC-73C6-4965-8584-198DABBC5E8F}.Release|Any CPU.Deploy.0 = Release|Any CPU
		{EACB33BC-73C6-4965-8584-198DABBC5E8F}.Release|ARM.ActiveCfg = Release|ARM
		{EACB33BC-73C6-4965-8584-198DABBC5E8F}.Release|ARM.Build.0 = Release|ARM
		{EACB33BC-73C6-4965-8584-198DABBC5E8F}.Release|ARM.Deploy.0 = Release|ARM
		{EACB33BC-73C6-4965-8584-198DABBC5E8F}.Release|iPhone.ActiveCfg = Release|Any CPU
		{EACB33BC-73C6-4965-8584-198DABBC5E8F}.Release|iPhone.Build.0 = Release|Any CPU
		{EACB33BC-73C6-4965-8584-198DABBC5E8F}.Release|iPhone.Deploy.0 = Release|Any CPU
		{EACB33BC-73C6-4965-8584-198DABBC5E8F}.Release|iPhoneSimulator.ActiveCfg = Release|Any CPU
		{EACB33BC-73C6-4965-8584-198DABBC5E8F}.Release|iPhoneSimulator.Build.0 = Release|Any CPU
		{EACB33BC-73C6-4965-8584-198DABBC5E8F}.Release|iPhoneSimulator.Deploy.0 = Release|Any CPU
		{EACB33BC-73C6-4965-8584-198DABBC5E8F}.Release|x64.ActiveCfg = Release|x64
		{EACB33BC-73C6-4965-8584-198DABBC5E8F}.Release|x64.Build.0 = Release|x64
		{EACB33BC-73C6-4965-8584-198DABBC5E8F}.Release|x64.Deploy.0 = Release|x64
		{EACB33BC-73C6-4965-8584-198DABBC5E8F}.Release|x86.ActiveCfg = Release|x86
		{EACB33BC-73C6-4965-8584-198DABBC5E8F}.Release|x86.Build.0 = Release|x86
		{EACB33BC-73C6-4965-8584-198DABBC5E8F}.Release|x86.Deploy.0 = Release|x86
	EndGlobalSection
	GlobalSection(SolutionProperties) = preSolution
		HideSolutionNode = FALSE
	EndGlobalSection
EndGlobal
